PODS:
  - PINCache (3.0.1-beta.8):
    - PINCache/Arc-exception-safe (= 3.0.1-beta.8)
    - PINCache/Core (= 3.0.1-beta.8)
  - PINCache/Arc-exception-safe (3.0.1-beta.8):
    - PINCache/Core
  - PINCache/Core (3.0.1-beta.8):
    - PINOperation (~> 1.1.1)
  - PINOperation (1.1.2)
  - PINRemoteImage (3.0.0):
    - PINRemoteImage/PINCache (= 3.0.0)
  - PINRemoteImage/Core (3.0.0):
    - PINOperation
  - PINRemoteImage/PINCache (3.0.0):
    - PINCache (= 3.0.1-beta.8)
    - PINRemoteImage/Core
  - Realm (4.1.1):
    - Realm/Headers (= 4.1.1)
  - Realm/Headers (4.1.1)
  - RealmSwift (4.1.1):
    - Realm (= 4.1.1)
  - Toast-Swift (5.0.1)

DEPENDENCIES:
  - PINRemoteImage
  - RealmSwift
  - Toast-Swift

SPEC REPOS:
  trunk:
    - PINCache
    - PINOperation
    - PINRemoteImage
    - Realm
    - RealmSwift
    - Toast-Swift

SPEC CHECKSUMS:
  PINCache: 534fd41d358d828dfdf227a0d327f3673a65e20b
  PINOperation: 24b774353ca248fcf87d67b2d61eef42087c125a
  PINRemoteImage: e2b89e19fb6e77ffc099f9d9f3b3fe1745e3f9f9
  Realm: 25f0a8244cbb1c2271c922963ea8666fc2d8104d
  RealmSwift: 9e2657b33764f80e4a4dffd6d440e24715782052
  Toast-Swift: 9b6a70f28b3bf0b96c40d46c0c4b9d6639846711

PODFILE CHECKSUM: 925c7d73e0628b38413a3389f0512ff9e04bf053

COCOAPODS: 1.9.3
