// !$*UTF8*$!
{
	archiveVersion = 1;
	classes = {
	};
	objectVersion = 51;
	objects = {

/* Begin PBXBuildFile section */
		057B067D248FDDE900F56313 /* AppDelegate.swift in Sources */ = {isa = PBXBuildFile; fileRef = 057B067C248FDDE900F56313 /* AppDelegate.swift */; };
		057B067F248FDDE900F56313 /* SceneDelegate.swift in Sources */ = {isa = PBXBuildFile; fileRef = 057B067E248FDDE900F56313 /* SceneDelegate.swift */; };
		057B0681248FDDE900F56313 /* ViewController.swift in Sources */ = {isa = PBXBuildFile; fileRef = 057B0680248FDDE900F56313 /* ViewController.swift */; };
		057B0684248FDDE900F56313 /* Main.storyboard in Resources */ = {isa = PBXBuildFile; fileRef = 057B0682248FDDE900F56313 /* Main.storyboard */; };
		057B0686248FDDEB00F56313 /* Assets.xcassets in Resources */ = {isa = PBXBuildFile; fileRef = 057B0685248FDDEB00F56313 /* Assets.xcassets */; };
		057B0689248FDDEB00F56313 /* LaunchScreen.storyboard in Resources */ = {isa = PBXBuildFile; fileRef = 057B0687248FDDEB00F56313 /* LaunchScreen.storyboard */; };
		057B0692248FDF7300F56313 /* Webservice.swift in Sources */ = {isa = PBXBuildFile; fileRef = 057B0691248FDF7300F56313 /* Webservice.swift */; };
		057B0696248FDFE100F56313 /* NewsApi.swift in Sources */ = {isa = PBXBuildFile; fileRef = 057B0695248FDFE100F56313 /* NewsApi.swift */; };
		057B0699248FE58600F56313 /* NewsApiResponse.swift in Sources */ = {isa = PBXBuildFile; fileRef = 057B0698248FE58600F56313 /* NewsApiResponse.swift */; };
		73E1BCFD9671596DFAE29A5C /* Pods_LectorRss.framework in Frameworks */ = {isa = PBXBuildFile; fileRef = A303BC7C971ED4A0F63C7DB3 /* Pods_LectorRss.framework */; };
/* End PBXBuildFile section */

/* Begin PBXFileReference section */
		057B0679248FDDE900F56313 /* LectorRss.app */ = {isa = PBXFileReference; explicitFileType = wrapper.application; includeInIndex = 0; path = LectorRss.app; sourceTree = BUILT_PRODUCTS_DIR; };
		057B067C248FDDE900F56313 /* AppDelegate.swift */ = {isa = PBXFileReference; lastKnownFileType = sourcecode.swift; path = AppDelegate.swift; sourceTree = "<group>"; };
		057B067E248FDDE900F56313 /* SceneDelegate.swift */ = {isa = PBXFileReference; lastKnownFileType = sourcecode.swift; path = SceneDelegate.swift; sourceTree = "<group>"; };
		057B0680248FDDE900F56313 /* ViewController.swift */ = {isa = PBXFileReference; lastKnownFileType = sourcecode.swift; path = ViewController.swift; sourceTree = "<group>"; };
		057B0683248FDDE900F56313 /* Base */ = {isa = PBXFileReference; lastKnownFileType = file.storyboard; name = Base; path = Base.lproj/Main.storyboard; sourceTree = "<group>"; };
		057B0685248FDDEB00F56313 /* Assets.xcassets */ = {isa = PBXFileReference; lastKnownFileType = folder.assetcatalog; path = Assets.xcassets; sourceTree = "<group>"; };
		057B0688248FDDEB00F56313 /* Base */ = {isa = PBXFileReference; lastKnownFileType = file.storyboard; name = Base; path = Base.lproj/LaunchScreen.storyboard; sourceTree = "<group>"; };
		057B068A248FDDEB00F56313 /* Info.plist */ = {isa = PBXFileReference; lastKnownFileType = text.plist.xml; path = Info.plist; sourceTree = "<group>"; };
		057B0691248FDF7300F56313 /* Webservice.swift */ = {isa = PBXFileReference; lastKnownFileType = sourcecode.swift; path = Webservice.swift; sourceTree = "<group>"; };
		057B0695248FDFE100F56313 /* NewsApi.swift */ = {isa = PBXFileReference; lastKnownFileType = sourcecode.swift; path = NewsApi.swift; sourceTree = "<group>"; };
		057B0698248FE58600F56313 /* NewsApiResponse.swift */ = {isa = PBXFileReference; lastKnownFileType = sourcecode.swift; path = NewsApiResponse.swift; sourceTree = "<group>"; };
		923B8C2CD694C6C48739AE66 /* Pods-LectorRss.release.xcconfig */ = {isa = PBXFileReference; includeInIndex = 1; lastKnownFileType = text.xcconfig; name = "Pods-LectorRss.release.xcconfig"; path = "Target Support Files/Pods-LectorRss/Pods-LectorRss.release.xcconfig"; sourceTree = "<group>"; };
		A303BC7C971ED4A0F63C7DB3 /* Pods_LectorRss.framework */ = {isa = PBXFileReference; explicitFileType = wrapper.framework; includeInIndex = 0; path = Pods_LectorRss.framework; sourceTree = BUILT_PRODUCTS_DIR; };
		F35A6BA7E65311AF7DB9206A /* Pods-LectorRss.debug.xcconfig */ = {isa = PBXFileReference; includeInIndex = 1; lastKnownFileType = text.xcconfig; name = "Pods-LectorRss.debug.xcconfig"; path = "Target Support Files/Pods-LectorRss/Pods-LectorRss.debug.xcconfig"; sourceTree = "<group>"; };
/* End PBXFileReference section */

/* Begin PBXFrameworksBuildPhase section */
		057B0676248FDDE900F56313 /* Frameworks */ = {
			isa = PBXFrameworksBuildPhase;
			buildActionMask = 2147483647;
			files = (
				73E1BCFD9671596DFAE29A5C /* Pods_LectorRss.framework in Frameworks */,
			);
			runOnlyForDeploymentPostprocessing = 0;
		};
/* End PBXFrameworksBuildPhase section */

/* Begin PBXGroup section */
		057B0670248FDDE900F56313 = {
			isa = PBXGroup;
			children = (
				057B067B248FDDE900F56313 /* LectorRss */,
				057B067A248FDDE900F56313 /* Products */,
				A20507CE5AE87D61D19E56B8 /* Pods */,
				5D813DD18C6200D57B3A2B04 /* Frameworks */,
			);
			sourceTree = "<group>";
		};
		057B067A248FDDE900F56313 /* Products */ = {
			isa = PBXGroup;
			children = (
				057B0679248FDDE900F56313 /* LectorRss.app */,
			);
			name = Products;
			sourceTree = "<group>";
		};
		057B067B248FDDE900F56313 /* LectorRss */ = {
			isa = PBXGroup;
			children = (
				057B0690248FDF6100F56313 /* Models */,
				057B067C248FDDE900F56313 /* AppDelegate.swift */,
				057B067E248FDDE900F56313 /* SceneDelegate.swift */,
				057B0680248FDDE900F56313 /* ViewController.swift */,
				057B0682248FDDE900F56313 /* Main.storyboard */,
				057B0685248FDDEB00F56313 /* Assets.xcassets */,
				057B0687248FDDEB00F56313 /* LaunchScreen.storyboard */,
				057B068A248FDDEB00F56313 /* Info.plist */,
			);
			path = LectorRss;
			sourceTree = "<group>";
		};
		057B0690248FDF6100F56313 /* Models */ = {
			isa = PBXGroup;
			children = (
				057B0693248FDF7F00F56313 /* Webservice */,
			);
			path = Models;
			sourceTree = "<group>";
		};
		057B0693248FDF7F00F56313 /* Webservice */ = {
			isa = PBXGroup;
			children = (
				057B0694248FDFD100F56313 /* NewsApi */,
				057B0691248FDF7300F56313 /* Webservice.swift */,
			);
			path = Webservice;
			sourceTree = "<group>";
		};
		057B0694248FDFD100F56313 /* NewsApi */ = {
			isa = PBXGroup;
			children = (
				057B0697248FE51D00F56313 /* Struct */,
				057B0695248FDFE100F56313 /* NewsApi.swift */,
			);
			path = NewsApi;
			sourceTree = "<group>";
		};
		057B0697248FE51D00F56313 /* Struct */ = {
			isa = PBXGroup;
			children = (
				057B0698248FE58600F56313 /* NewsApiResponse.swift */,
			);
			path = Struct;
			sourceTree = "<group>";
		};
		5D813DD18C6200D57B3A2B04 /* Frameworks */ = {
			isa = PBXGroup;
			children = (
				A303BC7C971ED4A0F63C7DB3 /* Pods_LectorRss.framework */,
			);
			name = Frameworks;
			sourceTree = "<group>";
		};
		A20507CE5AE87D61D19E56B8 /* Pods */ = {
			isa = PBXGroup;
			children = (
				F35A6BA7E65311AF7DB9206A /* Pods-LectorRss.debug.xcconfig */,
				923B8C2CD694C6C48739AE66 /* Pods-LectorRss.release.xcconfig */,
			);
			path = Pods;
			sourceTree = "<group>";
		};
/* End PBXGroup section */

/* Begin PBXNativeTarget section */
		057B0678248FDDE900F56313 /* LectorRss */ = {
			isa = PBXNativeTarget;
			buildConfigurationList = 057B068D248FDDEB00F56313 /* Build configuration list for PBXNativeTarget "LectorRss" */;
			buildPhases = (
				29EADE163B7048D2360D106E /* [CP] Check Pods Manifest.lock */,
				057B0675248FDDE900F56313 /* Sources */,
				057B0676248FDDE900F56313 /* Frameworks */,
				057B0677248FDDE900F56313 /* Resources */,
				9CC889564CE24D177C5EBF13 /* [CP] Embed Pods Frameworks */,
			);
			buildRules = (
			);
			dependencies = (
			);
			name = LectorRss;
			productName = LectorRss;
			productReference = 057B0679248FDDE900F56313 /* LectorRss.app */;
			productType = "com.apple.product-type.application";
		};
/* End PBXNativeTarget section */

/* Begin PBXProject section */
		057B0671248FDDE900F56313 /* Project object */ = {
			isa = PBXProject;
			attributes = {
				LastSwiftUpdateCheck = 1140;
				LastUpgradeCheck = 1140;
				ORGANIZATIONNAME = "Carlos Ruiz Cuesta";
				TargetAttributes = {
					057B0678248FDDE900F56313 = {
						CreatedOnToolsVersion = 11.4.1;
					};
				};
			};
			buildConfigurationList = 057B0674248FDDE900F56313 /* Build configuration list for PBXProject "LectorRss" */;
			compatibilityVersion = "Xcode 9.3";
			developmentRegion = en;
			hasScannedForEncodings = 0;
			knownRegions = (
				en,
				Base,
			);
			mainGroup = 057B0670248FDDE900F56313;
			productRefGroup = 057B067A248FDDE900F56313 /* Products */;
			projectDirPath = "";
			projectRoot = "";
			targets = (
				057B0678248FDDE900F56313 /* LectorRss */,
			);
		};
/* End PBXProject section */

/* Begin PBXResourcesBuildPhase section */
		057B0677248FDDE900F56313 /* Resources */ = {
			isa = PBXResourcesBuildPhase;
			buildActionMask = 2147483647;
			files = (
				057B0689248FDDEB00F56313 /* LaunchScreen.storyboard in Resources */,
				057B0686248FDDEB00F56313 /* Assets.xcassets in Resources */,
				057B0684248FDDE900F56313 /* Main.storyboard in Resources */,
			);
			runOnlyForDeploymentPostprocessing = 0;
		};
/* End PBXResourcesBuildPhase section */

/* Begin PBXShellScriptBuildPhase section */
		29EADE163B7048D2360D106E /* [CP] Check Pods Manifest.lock */ = {
			isa = PBXShellScriptBuildPhase;
			buildActionMask = 2147483647;
			files = (
			);
			inputFileListPaths = (
			);
			inputPaths = (
				"${PODS_PODFILE_DIR_PATH}/Podfile.lock",
				"${PODS_ROOT}/Manifest.lock",
			);
			name = "[CP] Check Pods Manifest.lock";
			outputFileListPaths = (
			);
			outputPaths = (
				"$(DERIVED_FILE_DIR)/Pods-LectorRss-checkManifestLockResult.txt",
			);
			runOnlyForDeploymentPostprocessing = 0;
			shellPath = /bin/sh;
			shellScript = "diff \"${PODS_PODFILE_DIR_PATH}/Podfile.lock\" \"${PODS_ROOT}/Manifest.lock\" > /dev/null\nif [ $? != 0 ] ; then\n    # print error to STDERR\n    echo \"error: The sandbox is not in sync with the Podfile.lock. Run 'pod install' or update your CocoaPods installation.\" >&2\n    exit 1\nfi\n# This output is used by Xcode 'outputs' to avoid re-running this script phase.\necho \"SUCCESS\" > \"${SCRIPT_OUTPUT_FILE_0}\"\n";
			showEnvVarsInLog = 0;
		};
		9CC889564CE24D177C5EBF13 /* [CP] Embed Pods Frameworks */ = {
			isa = PBXShellScriptBuildPhase;
			buildActionMask = 2147483647;
			files = (
			);
			inputFileListPaths = (
				"${PODS_ROOT}/Target Support Files/Pods-LectorRss/Pods-LectorRss-frameworks-${CONFIGURATION}-input-files.xcfilelist",
			);
			name = "[CP] Embed Pods Frameworks";
			outputFileListPaths = (
				"${PODS_ROOT}/Target Support Files/Pods-LectorRss/Pods-LectorRss-frameworks-${CONFIGURATION}-output-files.xcfilelist",
			);
			runOnlyForDeploymentPostprocessing = 0;
			shellPath = /bin/sh;
			shellScript = "\"${PODS_ROOT}/Target Support Files/Pods-LectorRss/Pods-LectorRss-frameworks.sh\"\n";
			showEnvVarsInLog = 0;
		};
/* End PBXShellScriptBuildPhase section */

/* Begin PBXSourcesBuildPhase section */
		057B0675248FDDE900F56313 /* Sources */ = {
			isa = PBXSourcesBuildPhase;
			buildActionMask = 2147483647;
			files = (
				057B0681248FDDE900F56313 /* ViewController.swift in Sources */,
				057B0696248FDFE100F56313 /* NewsApi.swift in Sources */,
				057B067D248FDDE900F56313 /* AppDelegate.swift in Sources */,
				057B0692248FDF7300F56313 /* Webservice.swift in Sources */,
				057B0699248FE58600F56313 /* NewsApiResponse.swift in Sources */,
				057B067F248FDDE900F56313 /* SceneDelegate.swift in Sources */,
			);
			runOnlyForDeploymentPostprocessing = 0;
		};
/* End PBXSourcesBuildPhase section */

/* Begin PBXVariantGroup section */
		057B0682248FDDE900F56313 /* Main.storyboard */ = {
			isa = PBXVariantGroup;
			children = (
				057B0683248FDDE900F56313 /* Base */,
			);
			name = Main.storyboard;
			sourceTree = "<group>";
		};
		057B0687248FDDEB00F56313 /* LaunchScreen.storyboard */ = {
			isa = PBXVariantGroup;
			children = (
				057B0688248FDDEB00F56313 /* Base */,
			);
			name = LaunchScreen.storyboard;
			sourceTree = "<group>";
		};
/* End PBXVariantGroup section */

/* Begin XCBuildConfiguration section */
		057B068B248FDDEB00F56313 /* Debug */ = {
			isa = XCBuildConfiguration;
			buildSettings = {
				ALWAYS_SEARCH_USER_PATHS = NO;
				CLANG_ANALYZER_NONNULL = YES;
				CLANG_ANALYZER_NUMBER_OBJECT_CONVERSION = YES_AGGRESSIVE;
				CLANG_CXX_LANGUAGE_STANDARD = "gnu++14";
				CLANG_CXX_LIBRARY = "libc++";
				CLANG_ENABLE_MODULES = YES;
				CLANG_ENABLE_OBJC_ARC = YES;
				CLANG_ENABLE_OBJC_WEAK = YES;
				CLANG_WARN_BLOCK_CAPTURE_AUTORELEASING = YES;
				CLANG_WARN_BOOL_CONVERSION = YES;
				CLANG_WARN_COMMA = YES;
				CLANG_WARN_CONSTANT_CONVERSION = YES;
				CLANG_WARN_DEPRECATED_OBJC_IMPLEMENTATIONS = YES;
				CLANG_WARN_DIRECT_OBJC_ISA_USAGE = YES_ERROR;
				CLANG_WARN_DOCUMENTATION_COMMENTS = YES;
				CLANG_WARN_EMPTY_BODY = YES;
				CLANG_WARN_ENUM_CONVERSION = YES;
				CLANG_WARN_INFINITE_RECURSION = YES;
				CLANG_WARN_INT_CONVERSION = YES;
				CLANG_WARN_NON_LITERAL_NULL_CONVERSION = YES;
				CLANG_WARN_OBJC_IMPLICIT_RETAIN_SELF = YES;
				CLANG_WARN_OBJC_LITERAL_CONVERSION = YES;
				CLANG_WARN_OBJC_ROOT_CLASS = YES_ERROR;
				CLANG_WARN_RANGE_LOOP_ANALYSIS = YES;
				CLANG_WARN_STRICT_PROTOTYPES = YES;
				CLANG_WARN_SUSPICIOUS_MOVE = YES;
				CLANG_WARN_UNGUARDED_AVAILABILITY = YES_AGGRESSIVE;
				CLANG_WARN_UNREACHABLE_CODE = YES;
				CLANG_WARN__DUPLICATE_METHOD_MATCH = YES;
				COPY_PHASE_STRIP = NO;
				DEBUG_INFORMATION_FORMAT = dwarf;
				ENABLE_STRICT_OBJC_MSGSEND = YES;
				ENABLE_TESTABILITY = YES;
				GCC_C_LANGUAGE_STANDARD = gnu11;
				GCC_DYNAMIC_NO_PIC = NO;
				GCC_NO_COMMON_BLOCKS = YES;
				GCC_OPTIMIZATION_LEVEL = 0;
				GCC_PREPROCESSOR_DEFINITIONS = (
					"DEBUG=1",
					"$(inherited)",
				);
				GCC_WARN_64_TO_32_BIT_CONVERSION = YES;
				GCC_WARN_ABOUT_RETURN_TYPE = YES_ERROR;
				GCC_WARN_UNDECLARED_SELECTOR = YES;
				GCC_WARN_UNINITIALIZED_AUTOS = YES_AGGRESSIVE;
				GCC_WARN_UNUSED_FUNCTION = YES;
				GCC_WARN_UNUSED_VARIABLE = YES;
				IPHONEOS_DEPLOYMENT_TARGET = 13.4;
				MTL_ENABLE_DEBUG_INFO = INCLUDE_SOURCE;
				MTL_FAST_MATH = YES;
				ONLY_ACTIVE_ARCH = YES;
				SDKROOT = iphoneos;
				SWIFT_ACTIVE_COMPILATION_CONDITIONS = DEBUG;
				SWIFT_OPTIMIZATION_LEVEL = "-Onone";
			};
			name = Debug;
		};
		057B068C248FDDEB00F56313 /* Release */ = {
			isa = XCBuildConfiguration;
			buildSettings = {
				ALWAYS_SEARCH_USER_PATHS = NO;
				CLANG_ANALYZER_NONNULL = YES;
				CLANG_ANALYZER_NUMBER_OBJECT_CONVERSION = YES_AGGRESSIVE;
				CLANG_CXX_LANGUAGE_STANDARD = "gnu++14";
				CLANG_CXX_LIBRARY = "libc++";
				CLANG_ENABLE_MODULES = YES;
				CLANG_ENABLE_OBJC_ARC = YES;
				CLANG_ENABLE_OBJC_WEAK = YES;
				CLANG_WARN_BLOCK_CAPTURE_AUTORELEASING = YES;
				CLANG_WARN_BOOL_CONVERSION = YES;
				CLANG_WARN_COMMA = YES;
				CLANG_WARN_CONSTANT_CONVERSION = YES;
				CLANG_WARN_DEPRECATED_OBJC_IMPLEMENTATIONS = YES;
				CLANG_WARN_DIRECT_OBJC_ISA_USAGE = YES_ERROR;
				CLANG_WARN_DOCUMENTATION_COMMENTS = YES;
				CLANG_WARN_EMPTY_BODY = YES;
				CLANG_WARN_ENUM_CONVERSION = YES;
				CLANG_WARN_INFINITE_RECURSION = YES;
				CLANG_WARN_INT_CONVERSION = YES;
				CLANG_WARN_NON_LITERAL_NULL_CONVERSION = YES;
				CLANG_WARN_OBJC_IMPLICIT_RETAIN_SELF = YES;
				CLANG_WARN_OBJC_LITERAL_CONVERSION = YES;
				CLANG_WARN_OBJC_ROOT_CLASS = YES_ERROR;
				CLANG_WARN_RANGE_LOOP_ANALYSIS = YES;
				CLANG_WARN_STRICT_PROTOTYPES = YES;
				CLANG_WARN_SUSPICIOUS_MOVE = YES;
				CLANG_WARN_UNGUARDED_AVAILABILITY = YES_AGGRESSIVE;
				CLANG_WARN_UNREACHABLE_CODE = YES;
				CLANG_WARN__DUPLICATE_METHOD_MATCH = YES;
				COPY_PHASE_STRIP = NO;
				DEBUG_INFORMATION_FORMAT = "dwarf-with-dsym";
				ENABLE_NS_ASSERTIONS = NO;
				ENABLE_STRICT_OBJC_MSGSEND = YES;
				GCC_C_LANGUAGE_STANDARD = gnu11;
				GCC_NO_COMMON_BLOCKS = YES;
				GCC_WARN_64_TO_32_BIT_CONVERSION = YES;
				GCC_WARN_ABOUT_RETURN_TYPE = YES_ERROR;
				GCC_WARN_UNDECLARED_SELECTOR = YES;
				GCC_WARN_UNINITIALIZED_AUTOS = YES_AGGRESSIVE;
				GCC_WARN_UNUSED_FUNCTION = YES;
				GCC_WARN_UNUSED_VARIABLE = YES;
				IPHONEOS_DEPLOYMENT_TARGET = 13.4;
				MTL_ENABLE_DEBUG_INFO = NO;
				MTL_FAST_MATH = YES;
				SDKROOT = iphoneos;
				SWIFT_COMPILATION_MODE = wholemodule;
				SWIFT_OPTIMIZATION_LEVEL = "-O";
				VALIDATE_PRODUCT = YES;
			};
			name = Release;
		};
		057B068E248FDDEB00F56313 /* Debug */ = {
			isa = XCBuildConfiguration;
			baseConfigurationReference = F35A6BA7E65311AF7DB9206A /* Pods-LectorRss.debug.xcconfig */;
			buildSettings = {
				ASSETCATALOG_COMPILER_APPICON_NAME = AppIcon;
				CODE_SIGN_STYLE = Automatic;
				INFOPLIST_FILE = LectorRss/Info.plist;
				LD_RUNPATH_SEARCH_PATHS = (
					"$(inherited)",
					"@executable_path/Frameworks",
				);
				PRODUCT_BUNDLE_IDENTIFIER = com.carlos.prueba.LectorRss;
				PRODUCT_NAME = "$(TARGET_NAME)";
				SWIFT_VERSION = 5.0;
				TARGETED_DEVICE_FAMILY = "1,2";
			};
			name = Debug;
		};
		057B068F248FDDEB00F56313 /* Release */ = {
			isa = XCBuildConfiguration;
			baseConfigurationReference = 923B8C2CD694C6C48739AE66 /* Pods-LectorRss.release.xcconfig */;
			buildSettings = {
				ASSETCATALOG_COMPILER_APPICON_NAME = AppIcon;
				CODE_SIGN_STYLE = Automatic;
				INFOPLIST_FILE = LectorRss/Info.plist;
				LD_RUNPATH_SEARCH_PATHS = (
					"$(inherited)",
					"@executable_path/Frameworks",
				);
				PRODUCT_BUNDLE_IDENTIFIER = com.carlos.prueba.LectorRss;
				PRODUCT_NAME = "$(TARGET_NAME)";
				SWIFT_VERSION = 5.0;
				TARGETED_DEVICE_FAMILY = "1,2";
			};
			name = Release;
		};
/* End XCBuildConfiguration section */

/* Begin XCConfigurationList section */
		057B0674248FDDE900F56313 /* Build configuration list for PBXProject "LectorRss" */ = {
			isa = XCConfigurationList;
			buildConfigurations = (
				057B068B248FDDEB00F56313 /* Debug */,
				057B068C248FDDEB00F56313 /* Release */,
			);
			defaultConfigurationIsVisible = 0;
			defaultConfigurationName = Release;
		};
		057B068D248FDDEB00F56313 /* Build configuration list for PBXNativeTarget "LectorRss" */ = {
			isa = XCConfigurationList;
			buildConfigurations = (
				057B068E248FDDEB00F56313 /* Debug */,
				057B068F248FDDEB00F56313 /* Release */,
			);
			defaultConfigurationIsVisible = 0;
			defaultConfigurationName = Release;
		};
/* End XCConfigurationList section */
	};
	rootObject = 057B0671248FDDE900F56313 /* Project object */;
}
